
Microsoft Visual Studio Solution File, Format Version 12.00
# Visual Studio Version 17
VisualStudioVersion = 17.2.32516.85
MinimumVisualStudioVersion = 10.0.40219.1
Project("{9A19103F-16F7-4668-BE54-9A1E7A4F7556}") = "Bob", "Bob.csproj", "{8F04B17A-7A04-4119-B4B3-DC32F90188EA}"
EndProject
Global
	GlobalSection(SolutionConfigurationPlatforms) = preSolution
		Debug|Any CPU = Debug|Any CPU
		Release|Any CPU = Release|Any CPU
	EndGlobalSection
	GlobalSection(ProjectConfigurationPlatforms) = postSolution
		{8F04B17A-7A04-4119-B4B3-DC32F90188EA}.Debug|Any CPU.ActiveCfg = Debug|Any CPU
		{8F04B17A-7A04-4119-B4B3-DC32F90188EA}.Debug|Any CPU.Build.0 = Debug|Any CPU
		{8F04B17A-7A04-4119-B4B3-DC32F90188EA}.Release|Any CPU.ActiveCfg = Release|Any CPU
		{8F04B17A-7A04-4119-B4B3-DC32F90188EA}.Release|Any CPU.Build.0 = Release|Any CPU
	EndGlobalSection
	GlobalSection(SolutionProperties) = preSolution
		HideSolutionNode = FALSE
	EndGlobalSection
	GlobalSection(ExtensibilityGlobals) = postSolution
		SolutionGuid = {E8D6A56A-6382-4E6B-A8EB-F43845DBC6B8}
	EndGlobalSection
EndGlobal
