
Microsoft Visual Studio Solution File, Format Version 12.00
# Visual Studio Version 17
VisualStudioVersion = 17.2.32516.85
MinimumVisualStudioVersion = 10.0.40219.1
Project("{9A19103F-16F7-4668-BE54-9A1E7A4F7556}") = "PhoneNumberAnalysis", "PhoneNumberAnalysis.csproj", "{2DDA89A9-4C0F-49FA-ADAC-293FE0C3F1EF}"
EndProject
Global
	GlobalSection(SolutionConfigurationPlatforms) = preSolution
		Debug|Any CPU = Debug|Any CPU
		Release|Any CPU = Release|Any CPU
	EndGlobalSection
	GlobalSection(ProjectConfigurationPlatforms) = postSolution
		{2DDA89A9-4C0F-49FA-ADAC-293FE0C3F1EF}.Debug|Any CPU.ActiveCfg = Debug|Any CPU
		{2DDA89A9-4C0F-49FA-ADAC-293FE0C3F1EF}.Debug|Any CPU.Build.0 = Debug|Any CPU
		{2DDA89A9-4C0F-49FA-ADAC-293FE0C3F1EF}.Release|Any CPU.ActiveCfg = Release|Any CPU
		{2DDA89A9-4C0F-49FA-ADAC-293FE0C3F1EF}.Release|Any CPU.Build.0 = Release|Any CPU
	EndGlobalSection
	GlobalSection(SolutionProperties) = preSolution
		HideSolutionNode = FALSE
	EndGlobalSection
	GlobalSection(ExtensibilityGlobals) = postSolution
		SolutionGuid = {106D9633-ADD1-438F-A87A-C5D2E5076A45}
	EndGlobalSection
EndGlobal
