
Microsoft Visual Studio Solution File, Format Version 12.00
# Visual Studio Version 17
VisualStudioVersion = 17.2.32516.85
MinimumVisualStudioVersion = 10.0.40219.1
Project("{9A19103F-16F7-4668-BE54-9A1E7A4F7556}") = "Dominoes", "Dominoes.csproj", "{AD356BE5-6C01-452D-9835-2C3029394391}"
EndProject
Global
	GlobalSection(SolutionConfigurationPlatforms) = preSolution
		Debug|Any CPU = Debug|Any CPU
		Release|Any CPU = Release|Any CPU
	EndGlobalSection
	GlobalSection(ProjectConfigurationPlatforms) = postSolution
		{AD356BE5-6C01-452D-9835-2C3029394391}.Debug|Any CPU.ActiveCfg = Debug|Any CPU
		{AD356BE5-6C01-452D-9835-2C3029394391}.Debug|Any CPU.Build.0 = Debug|Any CPU
		{AD356BE5-6C01-452D-9835-2C3029394391}.Release|Any CPU.ActiveCfg = Release|Any CPU
		{AD356BE5-6C01-452D-9835-2C3029394391}.Release|Any CPU.Build.0 = Release|Any CPU
	EndGlobalSection
	GlobalSection(SolutionProperties) = preSolution
		HideSolutionNode = FALSE
	EndGlobalSection
	GlobalSection(ExtensibilityGlobals) = postSolution
		SolutionGuid = {CEF71D53-D0E6-49BE-BA50-40E95DBCDD87}
	EndGlobalSection
EndGlobal
